PODS:
  - Alamofire (3.3.1)
  - PKHUD (3.1.0)
  - SwiftyJSON (2.3.2)

DEPENDENCIES:
  - Alamofire
  - PKHUD
  - SwiftyJSON

SPEC CHECKSUMS:
  Alamofire: 369bc67b6f5ac33ded3648d7bd21c5bfb91c2ecc
  PKHUD: 4167eccdb1b3a892fd80ce2b51cb6ba412a889ab
  SwiftyJSON: 04ccea08915aa0109039157c7974cf0298da292a

PODFILE CHECKSUM: da265a67afdacbde1ea951f7b88ba5d1448313ed

COCOAPODS: 1.0.0.beta.8
